PODS:
  - Expecta (1.0.3)
  - Expecta+Snapshots (2.0.0):
    - Expecta (~> 1.0)
    - FBSnapshotTestCase/Core (~> 2.0.3)
  - FBSnapshotTestCase (2.0.4):
    - FBSnapshotTestCase/SwiftSupport (= 2.0.4)
  - FBSnapshotTestCase/Core (2.0.4)
  - FBSnapshotTestCase/SwiftSupport (2.0.4):
    - FBSnapshotTestCase/Core
  - JRSwizzle (1.0)
  - MockingPlace (0.1.0):
    - JRSwizzle (~> 1.0)
  - Specta (1.0.4)

DEPENDENCIES:
  - Expecta
  - Expecta+Snapshots
  - FBSnapshotTestCase
  - MockingPlace (from `../`)
  - Specta

EXTERNAL SOURCES:
  MockingPlace:
    :path: ../

SPEC CHECKSUMS:
  Expecta: 9d1bff6c8b0eeee73a166a2ee898892478927a15
  Expecta+Snapshots: 29b38dd695bc72a0ed2bea833937d78df41943ba
  FBSnapshotTestCase: d94cf34841c9e77390e29009e8e2713479d48753
  JRSwizzle: dd5ead5d913a0f29e7f558200165849f006bb1e3
  MockingPlace: 99bd8e73853451b2a130580d675fc428ab69c2ec
  Specta: 69bb134672aae190a1379ff91df07dad8dd1f869

COCOAPODS: 0.39.0.beta.4
